// !$*UTF8*$!
{
	archiveVersion = 1;
	classes = {
	};
	objectVersion = 50;
	objects = {

/* Begin PBXBuildFile section */
		BCCD1FCB25A5CAE0006C888B /* AppDelegate.swift in Sources */ = {isa = PBXBuildFile; fileRef = BCCD1FCA25A5CAE0006C888B /* AppDelegate.swift */; };
		BCCD1FCD25A5CAE0006C888B /* SceneDelegate.swift in Sources */ = {isa = PBXBuildFile; fileRef = BCCD1FCC25A5CAE0006C888B /* SceneDelegate.swift */; };
		BCCD1FCF25A5CAE0006C888B /* ViewController.swift in Sources */ = {isa = PBXBuildFile; fileRef = BCCD1FCE25A5CAE0006C888B /* ViewController.swift */; };
		BCCD1FD225A5CAE0006C888B /* Main.storyboard in Resources */ = {isa = PBXBuildFile; fileRef = BCCD1FD025A5CAE0006C888B /* Main.storyboard */; };
		BCCD1FD425A5CAE2006C888B /* Assets.xcassets in Resources */ = {isa = PBXBuildFile; fileRef = BCCD1FD325A5CAE2006C888B /* Assets.xcassets */; };
		BCCD1FD725A5CAE2006C888B /* LaunchScreen.storyboard in Resources */ = {isa = PBXBuildFile; fileRef = BCCD1FD525A5CAE2006C888B /* LaunchScreen.storyboard */; };
		BCCD1FE225A5CAE2006C888B /* GestureClassifierTests.swift in Sources */ = {isa = PBXBuildFile; fileRef = BCCD1FE125A5CAE2006C888B /* GestureClassifierTests.swift */; };
		BCCD1FED25A5CAE2006C888B /* GestureClassifierUITests.swift in Sources */ = {isa = PBXBuildFile; fileRef = BCCD1FEC25A5CAE2006C888B /* GestureClassifierUITests.swift */; };
		BCCD200D25A5D77D006C888B /* GestureClassifier.mlmodel in Sources */ = {isa = PBXBuildFile; fileRef = BCCD200C25A5D77D006C888B /* GestureClassifier.mlmodel */; };
/* End PBXBuildFile section */

/* Begin PBXContainerItemProxy section */
		BCCD1FDE25A5CAE2006C888B /* PBXContainerItemProxy */ = {
			isa = PBXContainerItemProxy;
			containerPortal = BCCD1FBF25A5CAE0006C888B /* Project object */;
			proxyType = 1;
			remoteGlobalIDString = BCCD1FC625A5CAE0006C888B;
			remoteInfo = GestureClassifier;
		};
		BCCD1FE925A5CAE2006C888B /* PBXContainerItemProxy */ = {
			isa = PBXContainerItemProxy;
			containerPortal = BCCD1FBF25A5CAE0006C888B /* Project object */;
			proxyType = 1;
			remoteGlobalIDString = BCCD1FC625A5CAE0006C888B;
			remoteInfo = GestureClassifier;
		};
/* End PBXContainerItemProxy section */

/* Begin PBXFileReference section */
		BCCD1FC725A5CAE0006C888B /* GestureClassifier.app */ = {isa = PBXFileReference; explicitFileType = wrapper.application; includeInIndex = 0; path = GestureClassifier.app; sourceTree = BUILT_PRODUCTS_DIR; };
		BCCD1FCA25A5CAE0006C888B /* AppDelegate.swift */ = {isa = PBXFileReference; lastKnownFileType = sourcecode.swift; path = AppDelegate.swift; sourceTree = "<group>"; };
		BCCD1FCC25A5CAE0006C888B /* SceneDelegate.swift */ = {isa = PBXFileReference; lastKnownFileType = sourcecode.swift; path = SceneDelegate.swift; sourceTree = "<group>"; };
		BCCD1FCE25A5CAE0006C888B /* ViewController.swift */ = {isa = PBXFileReference; lastKnownFileType = sourcecode.swift; path = ViewController.swift; sourceTree = "<group>"; };
		BCCD1FD125A5CAE0006C888B /* Base */ = {isa = PBXFileReference; lastKnownFileType = file.storyboard; name = Base; path = Base.lproj/Main.storyboard; sourceTree = "<group>"; };
		BCCD1FD325A5CAE2006C888B /* Assets.xcassets */ = {isa = PBXFileReference; lastKnownFileType = folder.assetcatalog; path = Assets.xcassets; sourceTree = "<group>"; };
		BCCD1FD625A5CAE2006C888B /* Base */ = {isa = PBXFileReference; lastKnownFileType = file.storyboard; name = Base; path = Base.lproj/LaunchScreen.storyboard; sourceTree = "<group>"; };
		BCCD1FD825A5CAE2006C888B /* Info.plist */ = {isa = PBXFileReference; lastKnownFileType = text.plist.xml; path = Info.plist; sourceTree = "<group>"; };
		BCCD1FDD25A5CAE2006C888B /* GestureClassifierTests.xctest */ = {isa = PBXFileReference; explicitFileType = wrapper.cfbundle; includeInIndex = 0; path = GestureClassifierTests.xctest; sourceTree = BUILT_PRODUCTS_DIR; };
		BCCD1FE125A5CAE2006C888B /* GestureClassifierTests.swift */ = {isa = PBXFileReference; lastKnownFileType = sourcecode.swift; path = GestureClassifierTests.swift; sourceTree = "<group>"; };
		BCCD1FE325A5CAE2006C888B /* Info.plist */ = {isa = PBXFileReference; lastKnownFileType = text.plist.xml; path = Info.plist; sourceTree = "<group>"; };
		BCCD1FE825A5CAE2006C888B /* GestureClassifierUITests.xctest */ = {isa = PBXFileReference; explicitFileType = wrapper.cfbundle; includeInIndex = 0; path = GestureClassifierUITests.xctest; sourceTree = BUILT_PRODUCTS_DIR; };
		BCCD1FEC25A5CAE2006C888B /* GestureClassifierUITests.swift */ = {isa = PBXFileReference; lastKnownFileType = sourcecode.swift; path = GestureClassifierUITests.swift; sourceTree = "<group>"; };
		BCCD1FEE25A5CAE2006C888B /* Info.plist */ = {isa = PBXFileReference; lastKnownFileType = text.plist.xml; path = Info.plist; sourceTree = "<group>"; };
		BCCD200C25A5D77D006C888B /* GestureClassifier.mlmodel */ = {isa = PBXFileReference; lastKnownFileType = file.mlmodel; path = GestureClassifier.mlmodel; sourceTree = "<group>"; };
/* End PBXFileReference section */

/* Begin PBXFrameworksBuildPhase section */
		BCCD1FC425A5CAE0006C888B /* Frameworks */ = {
			isa = PBXFrameworksBuildPhase;
			buildActionMask = 2147483647;
			files = (
			);
			runOnlyForDeploymentPostprocessing = 0;
		};
		BCCD1FDA25A5CAE2006C888B /* Frameworks */ = {
			isa = PBXFrameworksBuildPhase;
			buildActionMask = 2147483647;
			files = (
			);
			runOnlyForDeploymentPostprocessing = 0;
		};
		BCCD1FE525A5CAE2006C888B /* Frameworks */ = {
			isa = PBXFrameworksBuildPhase;
			buildActionMask = 2147483647;
			files = (
			);
			runOnlyForDeploymentPostprocessing = 0;
		};
/* End PBXFrameworksBuildPhase section */

/* Begin PBXGroup section */
		BCCD1FBE25A5CAE0006C888B = {
			isa = PBXGroup;
			children = (
				BCCD1FC925A5CAE0006C888B /* GestureClassifier */,
				BCCD1FE025A5CAE2006C888B /* GestureClassifierTests */,
				BCCD1FEB25A5CAE2006C888B /* GestureClassifierUITests */,
				BCCD1FC825A5CAE0006C888B /* Products */,
			);
			sourceTree = "<group>";
		};
		BCCD1FC825A5CAE0006C888B /* Products */ = {
			isa = PBXGroup;
			children = (
				BCCD1FC725A5CAE0006C888B /* GestureClassifier.app */,
				BCCD1FDD25A5CAE2006C888B /* GestureClassifierTests.xctest */,
				BCCD1FE825A5CAE2006C888B /* GestureClassifierUITests.xctest */,
			);
			name = Products;
			sourceTree = "<group>";
		};
		BCCD1FC925A5CAE0006C888B /* GestureClassifier */ = {
			isa = PBXGroup;
			children = (
				BCCD200C25A5D77D006C888B /* GestureClassifier.mlmodel */,
				BCCD1FCA25A5CAE0006C888B /* AppDelegate.swift */,
				BCCD1FCC25A5CAE0006C888B /* SceneDelegate.swift */,
				BCCD1FCE25A5CAE0006C888B /* ViewController.swift */,
				BCCD1FD025A5CAE0006C888B /* Main.storyboard */,
				BCCD1FD325A5CAE2006C888B /* Assets.xcassets */,
				BCCD1FD525A5CAE2006C888B /* LaunchScreen.storyboard */,
				BCCD1FD825A5CAE2006C888B /* Info.plist */,
			);
			path = GestureClassifier;
			sourceTree = "<group>";
		};
		BCCD1FE025A5CAE2006C888B /* GestureClassifierTests */ = {
			isa = PBXGroup;
			children = (
				BCCD1FE125A5CAE2006C888B /* GestureClassifierTests.swift */,
				BCCD1FE325A5CAE2006C888B /* Info.plist */,
			);
			path = GestureClassifierTests;
			sourceTree = "<group>";
		};
		BCCD1FEB25A5CAE2006C888B /* GestureClassifierUITests */ = {
			isa = PBXGroup;
			children = (
				BCCD1FEC25A5CAE2006C888B /* GestureClassifierUITests.swift */,
				BCCD1FEE25A5CAE2006C888B /* Info.plist */,
			);
			path = GestureClassifierUITests;
			sourceTree = "<group>";
		};
/* End PBXGroup section */

/* Begin PBXNativeTarget section */
		BCCD1FC625A5CAE0006C888B /* GestureClassifier */ = {
			isa = PBXNativeTarget;
			buildConfigurationList = BCCD1FF125A5CAE2006C888B /* Build configuration list for PBXNativeTarget "GestureClassifier" */;
			buildPhases = (
				BCCD1FC325A5CAE0006C888B /* Sources */,
				BCCD1FC425A5CAE0006C888B /* Frameworks */,
				BCCD1FC525A5CAE0006C888B /* Resources */,
			);
			buildRules = (
			);
			dependencies = (
			);
			name = GestureClassifier;
			productName = GestureClassifier;
			productReference = BCCD1FC725A5CAE0006C888B /* GestureClassifier.app */;
			productType = "com.apple.product-type.application";
		};
		BCCD1FDC25A5CAE2006C888B /* GestureClassifierTests */ = {
			isa = PBXNativeTarget;
			buildConfigurationList = BCCD1FF425A5CAE2006C888B /* Build configuration list for PBXNativeTarget "GestureClassifierTests" */;
			buildPhases = (
				BCCD1FD925A5CAE2006C888B /* Sources */,
				BCCD1FDA25A5CAE2006C888B /* Frameworks */,
				BCCD1FDB25A5CAE2006C888B /* Resources */,
			);
			buildRules = (
			);
			dependencies = (
				BCCD1FDF25A5CAE2006C888B /* PBXTargetDependency */,
			);
			name = GestureClassifierTests;
			productName = GestureClassifierTests;
			productReference = BCCD1FDD25A5CAE2006C888B /* GestureClassifierTests.xctest */;
			productType = "com.apple.product-type.bundle.unit-test";
		};
		BCCD1FE725A5CAE2006C888B /* GestureClassifierUITests */ = {
			isa = PBXNativeTarget;
			buildConfigurationList = BCCD1FF725A5CAE2006C888B /* Build configuration list for PBXNativeTarget "GestureClassifierUITests" */;
			buildPhases = (
				BCCD1FE425A5CAE2006C888B /* Sources */,
				BCCD1FE525A5CAE2006C888B /* Frameworks */,
				BCCD1FE625A5CAE2006C888B /* Resources */,
			);
			buildRules = (
			);
			dependencies = (
				BCCD1FEA25A5CAE2006C888B /* PBXTargetDependency */,
			);
			name = GestureClassifierUITests;
			productName = GestureClassifierUITests;
			productReference = BCCD1FE825A5CAE2006C888B /* GestureClassifierUITests.xctest */;
			productType = "com.apple.product-type.bundle.ui-testing";
		};
/* End PBXNativeTarget section */

/* Begin PBXProject section */
		BCCD1FBF25A5CAE0006C888B /* Project object */ = {
			isa = PBXProject;
			attributes = {
				LastSwiftUpdateCheck = 1220;
				LastUpgradeCheck = 1220;
				TargetAttributes = {
					BCCD1FC625A5CAE0006C888B = {
						CreatedOnToolsVersion = 12.2;
					};
					BCCD1FDC25A5CAE2006C888B = {
						CreatedOnToolsVersion = 12.2;
						TestTargetID = BCCD1FC625A5CAE0006C888B;
					};
					BCCD1FE725A5CAE2006C888B = {
						CreatedOnToolsVersion = 12.2;
						TestTargetID = BCCD1FC625A5CAE0006C888B;
					};
				};
			};
			buildConfigurationList = BCCD1FC225A5CAE0006C888B /* Build configuration list for PBXProject "GestureClassifier" */;
			compatibilityVersion = "Xcode 9.3";
			developmentRegion = en;
			hasScannedForEncodings = 0;
			knownRegions = (
				en,
				Base,
			);
			mainGroup = BCCD1FBE25A5CAE0006C888B;
			productRefGroup = BCCD1FC825A5CAE0006C888B /* Products */;
			projectDirPath = "";
			projectRoot = "";
			targets = (
				BCCD1FC625A5CAE0006C888B /* GestureClassifier */,
				BCCD1FDC25A5CAE2006C888B /* GestureClassifierTests */,
				BCCD1FE725A5CAE2006C888B /* GestureClassifierUITests */,
			);
		};
/* End PBXProject section */

/* Begin PBXResourcesBuildPhase section */
		BCCD1FC525A5CAE0006C888B /* Resources */ = {
			isa = PBXResourcesBuildPhase;
			buildActionMask = 2147483647;
			files = (
				BCCD1FD725A5CAE2006C888B /* LaunchScreen.storyboard in Resources */,
				BCCD1FD425A5CAE2006C888B /* Assets.xcassets in Resources */,
				BCCD1FD225A5CAE0006C888B /* Main.storyboard in Resources */,
			);
			runOnlyForDeploymentPostprocessing = 0;
		};
		BCCD1FDB25A5CAE2006C888B /* Resources */ = {
			isa = PBXResourcesBuildPhase;
			buildActionMask = 2147483647;
			files = (
			);
			runOnlyForDeploymentPostprocessing = 0;
		};
		BCCD1FE625A5CAE2006C888B /* Resources */ = {
			isa = PBXResourcesBuildPhase;
			buildActionMask = 2147483647;
			files = (
			);
			runOnlyForDeploymentPostprocessing = 0;
		};
/* End PBXResourcesBuildPhase section */

/* Begin PBXSourcesBuildPhase section */
		BCCD1FC325A5CAE0006C888B /* Sources */ = {
			isa = PBXSourcesBuildPhase;
			buildActionMask = 2147483647;
			files = (
				BCCD1FCF25A5CAE0006C888B /* ViewController.swift in Sources */,
				BCCD200D25A5D77D006C888B /* GestureClassifier.mlmodel in Sources */,
				BCCD1FCB25A5CAE0006C888B /* AppDelegate.swift in Sources */,
				BCCD1FCD25A5CAE0006C888B /* SceneDelegate.swift in Sources */,
			);
			runOnlyForDeploymentPostprocessing = 0;
		};
		BCCD1FD925A5CAE2006C888B /* Sources */ = {
			isa = PBXSourcesBuildPhase;
			buildActionMask = 2147483647;
			files = (
				BCCD1FE225A5CAE2006C888B /* GestureClassifierTests.swift in Sources */,
			);
			runOnlyForDeploymentPostprocessing = 0;
		};
		BCCD1FE425A5CAE2006C888B /* Sources */ = {
			isa = PBXSourcesBuildPhase;
			buildActionMask = 2147483647;
			files = (
				BCCD1FED25A5CAE2006C888B /* GestureClassifierUITests.swift in Sources */,
			);
			runOnlyForDeploymentPostprocessing = 0;
		};
/* End PBXSourcesBuildPhase section */

/* Begin PBXTargetDependency section */
		BCCD1FDF25A5CAE2006C888B /* PBXTargetDependency */ = {
			isa = PBXTargetDependency;
			target = BCCD1FC625A5CAE0006C888B /* GestureClassifier */;
			targetProxy = BCCD1FDE25A5CAE2006C888B /* PBXContainerItemProxy */;
		};
		BCCD1FEA25A5CAE2006C888B /* PBXTargetDependency */ = {
			isa = PBXTargetDependency;
			target = BCCD1FC625A5CAE0006C888B /* GestureClassifier */;
			targetProxy = BCCD1FE925A5CAE2006C888B /* PBXContainerItemProxy */;
		};
/* End PBXTargetDependency section */

/* Begin PBXVariantGroup section */
		BCCD1FD025A5CAE0006C888B /* Main.storyboard */ = {
			isa = PBXVariantGroup;
			children = (
				BCCD1FD125A5CAE0006C888B /* Base */,
			);
			name = Main.storyboard;
			sourceTree = "<group>";
		};
		BCCD1FD525A5CAE2006C888B /* LaunchScreen.storyboard */ = {
			isa = PBXVariantGroup;
			children = (
				BCCD1FD625A5CAE2006C888B /* Base */,
			);
			name = LaunchScreen.storyboard;
			sourceTree = "<group>";
		};
/* End PBXVariantGroup section */

/* Begin XCBuildConfiguration section */
		BCCD1FEF25A5CAE2006C888B /* Debug */ = {
			isa = XCBuildConfiguration;
			buildSettings = {
				ALWAYS_SEARCH_USER_PATHS = NO;
				CLANG_ANALYZER_NONNULL = YES;
				CLANG_ANALYZER_NUMBER_OBJECT_CONVERSION = YES_AGGRESSIVE;
				CLANG_CXX_LANGUAGE_STANDARD = "gnu++14";
				CLANG_CXX_LIBRARY = "libc++";
				CLANG_ENABLE_MODULES = YES;
				CLANG_ENABLE_OBJC_ARC = YES;
				CLANG_ENABLE_OBJC_WEAK = YES;
				CLANG_WARN_BLOCK_CAPTURE_AUTORELEASING = YES;
				CLANG_WARN_BOOL_CONVERSION = YES;
				CLANG_WARN_COMMA = YES;
				CLANG_WARN_CONSTANT_CONVERSION = YES;
				CLANG_WARN_DEPRECATED_OBJC_IMPLEMENTATIONS = YES;
				CLANG_WARN_DIRECT_OBJC_ISA_USAGE = YES_ERROR;
				CLANG_WARN_DOCUMENTATION_COMMENTS = YES;
				CLANG_WARN_EMPTY_BODY = YES;
				CLANG_WARN_ENUM_CONVERSION = YES;
				CLANG_WARN_INFINITE_RECURSION = YES;
				CLANG_WARN_INT_CONVERSION = YES;
				CLANG_WARN_NON_LITERAL_NULL_CONVERSION = YES;
				CLANG_WARN_OBJC_IMPLICIT_RETAIN_SELF = YES;
				CLANG_WARN_OBJC_LITERAL_CONVERSION = YES;
				CLANG_WARN_OBJC_ROOT_CLASS = YES_ERROR;
				CLANG_WARN_QUOTED_INCLUDE_IN_FRAMEWORK_HEADER = YES;
				CLANG_WARN_RANGE_LOOP_ANALYSIS = YES;
				CLANG_WARN_STRICT_PROTOTYPES = YES;
				CLANG_WARN_SUSPICIOUS_MOVE = YES;
				CLANG_WARN_UNGUARDED_AVAILABILITY = YES_AGGRESSIVE;
				CLANG_WARN_UNREACHABLE_CODE = YES;
				CLANG_WARN__DUPLICATE_METHOD_MATCH = YES;
				COPY_PHASE_STRIP = NO;
				DEBUG_INFORMATION_FORMAT = dwarf;
				ENABLE_STRICT_OBJC_MSGSEND = YES;
				ENABLE_TESTABILITY = YES;
				GCC_C_LANGUAGE_STANDARD = gnu11;
				GCC_DYNAMIC_NO_PIC = NO;
				GCC_NO_COMMON_BLOCKS = YES;
				GCC_OPTIMIZATION_LEVEL = 0;
				GCC_PREPROCESSOR_DEFINITIONS = (
					"DEBUG=1",
					"$(inherited)",
				);
				GCC_WARN_64_TO_32_BIT_CONVERSION = YES;
				GCC_WARN_ABOUT_RETURN_TYPE = YES_ERROR;
				GCC_WARN_UNDECLARED_SELECTOR = YES;
				GCC_WARN_UNINITIALIZED_AUTOS = YES_AGGRESSIVE;
				GCC_WARN_UNUSED_FUNCTION = YES;
				GCC_WARN_UNUSED_VARIABLE = YES;
				IPHONEOS_DEPLOYMENT_TARGET = 14.2;
				MTL_ENABLE_DEBUG_INFO = INCLUDE_SOURCE;
				MTL_FAST_MATH = YES;
				ONLY_ACTIVE_ARCH = YES;
				SDKROOT = iphoneos;
				SWIFT_ACTIVE_COMPILATION_CONDITIONS = DEBUG;
				SWIFT_OPTIMIZATION_LEVEL = "-Onone";
			};
			name = Debug;
		};
		BCCD1FF025A5CAE2006C888B /* Release */ = {
			isa = XCBuildConfiguration;
			buildSettings = {
				ALWAYS_SEARCH_USER_PATHS = NO;
				CLANG_ANALYZER_NONNULL = YES;
				CLANG_ANALYZER_NUMBER_OBJECT_CONVERSION = YES_AGGRESSIVE;
				CLANG_CXX_LANGUAGE_STANDARD = "gnu++14";
				CLANG_CXX_LIBRARY = "libc++";
				CLANG_ENABLE_MODULES = YES;
				CLANG_ENABLE_OBJC_ARC = YES;
				CLANG_ENABLE_OBJC_WEAK = YES;
				CLANG_WARN_BLOCK_CAPTURE_AUTORELEASING = YES;
				CLANG_WARN_BOOL_CONVERSION = YES;
				CLANG_WARN_COMMA = YES;
				CLANG_WARN_CONSTANT_CONVERSION = YES;
				CLANG_WARN_DEPRECATED_OBJC_IMPLEMENTATIONS = YES;
				CLANG_WARN_DIRECT_OBJC_ISA_USAGE = YES_ERROR;
				CLANG_WARN_DOCUMENTATION_COMMENTS = YES;
				CLANG_WARN_EMPTY_BODY = YES;
				CLANG_WARN_ENUM_CONVERSION = YES;
				CLANG_WARN_INFINITE_RECURSION = YES;
				CLANG_WARN_INT_CONVERSION = YES;
				CLANG_WARN_NON_LITERAL_NULL_CONVERSION = YES;
				CLANG_WARN_OBJC_IMPLICIT_RETAIN_SELF = YES;
				CLANG_WARN_OBJC_LITERAL_CONVERSION = YES;
				CLANG_WARN_OBJC_ROOT_CLASS = YES_ERROR;
				CLANG_WARN_QUOTED_INCLUDE_IN_FRAMEWORK_HEADER = YES;
				CLANG_WARN_RANGE_LOOP_ANALYSIS = YES;
				CLANG_WARN_STRICT_PROTOTYPES = YES;
				CLANG_WARN_SUSPICIOUS_MOVE = YES;
				CLANG_WARN_UNGUARDED_AVAILABILITY = YES_AGGRESSIVE;
				CLANG_WARN_UNREACHABLE_CODE = YES;
				CLANG_WARN__DUPLICATE_METHOD_MATCH = YES;
				COPY_PHASE_STRIP = NO;
				DEBUG_INFORMATION_FORMAT = "dwarf-with-dsym";
				ENABLE_NS_ASSERTIONS = NO;
				ENABLE_STRICT_OBJC_MSGSEND = YES;
				GCC_C_LANGUAGE_STANDARD = gnu11;
				GCC_NO_COMMON_BLOCKS = YES;
				GCC_WARN_64_TO_32_BIT_CONVERSION = YES;
				GCC_WARN_ABOUT_RETURN_TYPE = YES_ERROR;
				GCC_WARN_UNDECLARED_SELECTOR = YES;
				GCC_WARN_UNINITIALIZED_AUTOS = YES_AGGRESSIVE;
				GCC_WARN_UNUSED_FUNCTION = YES;
				GCC_WARN_UNUSED_VARIABLE = YES;
				IPHONEOS_DEPLOYMENT_TARGET = 14.2;
				MTL_ENABLE_DEBUG_INFO = NO;
				MTL_FAST_MATH = YES;
				SDKROOT = iphoneos;
				SWIFT_COMPILATION_MODE = wholemodule;
				SWIFT_OPTIMIZATION_LEVEL = "-O";
				VALIDATE_PRODUCT = YES;
			};
			name = Release;
		};
		BCCD1FF225A5CAE2006C888B /* Debug */ = {
			isa = XCBuildConfiguration;
			buildSettings = {
				ASSETCATALOG_COMPILER_APPICON_NAME = AppIcon;
				ASSETCATALOG_COMPILER_GLOBAL_ACCENT_COLOR_NAME = AccentColor;
				CODE_SIGN_STYLE = Automatic;
				INFOPLIST_FILE = GestureClassifier/Info.plist;
				LD_RUNPATH_SEARCH_PATHS = (
					"$(inherited)",
					"@executable_path/Frameworks",
				);
				PRODUCT_BUNDLE_IDENTIFIER = JSWork.GestureClassifier;
				PRODUCT_NAME = "$(TARGET_NAME)";
				SWIFT_VERSION = 5.0;
				TARGETED_DEVICE_FAMILY = "1,2";
			};
			name = Debug;
		};
		BCCD1FF325A5CAE2006C888B /* Release */ = {
			isa = XCBuildConfiguration;
			buildSettings = {
				ASSETCATALOG_COMPILER_APPICON_NAME = AppIcon;
				ASSETCATALOG_COMPILER_GLOBAL_ACCENT_COLOR_NAME = AccentColor;
				CODE_SIGN_STYLE = Automatic;
				INFOPLIST_FILE = GestureClassifier/Info.plist;
				LD_RUNPATH_SEARCH_PATHS = (
					"$(inherited)",
					"@executable_path/Frameworks",
				);
				PRODUCT_BUNDLE_IDENTIFIER = JSWork.GestureClassifier;
				PRODUCT_NAME = "$(TARGET_NAME)";
				SWIFT_VERSION = 5.0;
				TARGETED_DEVICE_FAMILY = "1,2";
			};
			name = Release;
		};
		BCCD1FF525A5CAE2006C888B /* Debug */ = {
			isa = XCBuildConfiguration;
			buildSettings = {
				ALWAYS_EMBED_SWIFT_STANDARD_LIBRARIES = YES;
				BUNDLE_LOADER = "$(TEST_HOST)";
				CODE_SIGN_STYLE = Automatic;
				INFOPLIST_FILE = GestureClassifierTests/Info.plist;
				IPHONEOS_DEPLOYMENT_TARGET = 14.2;
				LD_RUNPATH_SEARCH_PATHS = (
					"$(inherited)",
					"@executable_path/Frameworks",
					"@loader_path/Frameworks",
				);
				PRODUCT_BUNDLE_IDENTIFIER = JSWork.GestureClassifierTests;
				PRODUCT_NAME = "$(TARGET_NAME)";
				SWIFT_VERSION = 5.0;
				TARGETED_DEVICE_FAMILY = "1,2";
				TEST_HOST = "$(BUILT_PRODUCTS_DIR)/GestureClassifier.app/GestureClassifier";
			};
			name = Debug;
		};
		BCCD1FF625A5CAE2006C888B /* Release */ = {
			isa = XCBuildConfiguration;
			buildSettings = {
				ALWAYS_EMBED_SWIFT_STANDARD_LIBRARIES = YES;
				BUNDLE_LOADER = "$(TEST_HOST)";
				CODE_SIGN_STYLE = Automatic;
				INFOPLIST_FILE = GestureClassifierTests/Info.plist;
				IPHONEOS_DEPLOYMENT_TARGET = 14.2;
				LD_RUNPATH_SEARCH_PATHS = (
					"$(inherited)",
					"@executable_path/Frameworks",
					"@loader_path/Frameworks",
				);
				PRODUCT_BUNDLE_IDENTIFIER = JSWork.GestureClassifierTests;
				PRODUCT_NAME = "$(TARGET_NAME)";
				SWIFT_VERSION = 5.0;
				TARGETED_DEVICE_FAMILY = "1,2";
				TEST_HOST = "$(BUILT_PRODUCTS_DIR)/GestureClassifier.app/GestureClassifier";
			};
			name = Release;
		};
		BCCD1FF825A5CAE2006C888B /* Debug */ = {
			isa = XCBuildConfiguration;
			buildSettings = {
				ALWAYS_EMBED_SWIFT_STANDARD_LIBRARIES = YES;
				CODE_SIGN_STYLE = Automatic;
				INFOPLIST_FILE = GestureClassifierUITests/Info.plist;
				LD_RUNPATH_SEARCH_PATHS = (
					"$(inherited)",
					"@executable_path/Frameworks",
					"@loader_path/Frameworks",
				);
				PRODUCT_BUNDLE_IDENTIFIER = JSWork.GestureClassifierUITests;
				PRODUCT_NAME = "$(TARGET_NAME)";
				SWIFT_VERSION = 5.0;
				TARGETED_DEVICE_FAMILY = "1,2";
				TEST_TARGET_NAME = GestureClassifier;
			};
			name = Debug;
		};
		BCCD1FF925A5CAE2006C888B /* Release */ = {
			isa = XCBuildConfiguration;
			buildSettings = {
				ALWAYS_EMBED_SWIFT_STANDARD_LIBRARIES = YES;
				CODE_SIGN_STYLE = Automatic;
				INFOPLIST_FILE = GestureClassifierUITests/Info.plist;
				LD_RUNPATH_SEARCH_PATHS = (
					"$(inherited)",
					"@executable_path/Frameworks",
					"@loader_path/Frameworks",
				);
				PRODUCT_BUNDLE_IDENTIFIER = JSWork.GestureClassifierUITests;
				PRODUCT_NAME = "$(TARGET_NAME)";
				SWIFT_VERSION = 5.0;
				TARGETED_DEVICE_FAMILY = "1,2";
				TEST_TARGET_NAME = GestureClassifier;
			};
			name = Release;
		};
/* End XCBuildConfiguration section */

/* Begin XCConfigurationList section */
		BCCD1FC225A5CAE0006C888B /* Build configuration list for PBXProject "GestureClassifier" */ = {
			isa = XCConfigurationList;
			buildConfigurations = (
				BCCD1FEF25A5CAE2006C888B /* Debug */,
				BCCD1FF025A5CAE2006C888B /* Release */,
			);
			defaultConfigurationIsVisible = 0;
			defaultConfigurationName = Release;
		};
		BCCD1FF125A5CAE2006C888B /* Build configuration list for PBXNativeTarget "GestureClassifier" */ = {
			isa = XCConfigurationList;
			buildConfigurations = (
				BCCD1FF225A5CAE2006C888B /* Debug */,
				BCCD1FF325A5CAE2006C888B /* Release */,
			);
			defaultConfigurationIsVisible = 0;
			defaultConfigurationName = Release;
		};
		BCCD1FF425A5CAE2006C888B /* Build configuration list for PBXNativeTarget "GestureClassifierTests" */ = {
			isa = XCConfigurationList;
			buildConfigurations = (
				BCCD1FF525A5CAE2006C888B /* Debug */,
				BCCD1FF625A5CAE2006C888B /* Release */,
			);
			defaultConfigurationIsVisible = 0;
			defaultConfigurationName = Release;
		};
		BCCD1FF725A5CAE2006C888B /* Build configuration list for PBXNativeTarget "GestureClassifierUITests" */ = {
			isa = XCConfigurationList;
			buildConfigurations = (
				BCCD1FF825A5CAE2006C888B /* Debug */,
				BCCD1FF925A5CAE2006C888B /* Release */,
			);
			defaultConfigurationIsVisible = 0;
			defaultConfigurationName = Release;
		};
/* End XCConfigurationList section */
	};
	rootObject = BCCD1FBF25A5CAE0006C888B /* Project object */;
}
