// !$*UTF8*$!
{
	archiveVersion = 1;
	classes = {
	};
	objectVersion = 50;
	objects = {

/* Begin PBXBuildFile section */
		BCFF76F125A6F7CA00AADAAB /* AppDelegate.swift in Sources */ = {isa = PBXBuildFile; fileRef = BCFF76F025A6F7CA00AADAAB /* AppDelegate.swift */; };
		BCFF76F325A6F7CA00AADAAB /* ViewController.swift in Sources */ = {isa = PBXBuildFile; fileRef = BCFF76F225A6F7CA00AADAAB /* ViewController.swift */; };
		BCFF76F525A6F7CA00AADAAB /* Experience.rcproject in Sources */ = {isa = PBXBuildFile; fileRef = BCFF76F425A6F7CA00AADAAB /* Experience.rcproject */; };
		BCFF76F825A6F7CA00AADAAB /* Main.storyboard in Resources */ = {isa = PBXBuildFile; fileRef = BCFF76F625A6F7CA00AADAAB /* Main.storyboard */; };
		BCFF76FA25A6F7CB00AADAAB /* Assets.xcassets in Resources */ = {isa = PBXBuildFile; fileRef = BCFF76F925A6F7CB00AADAAB /* Assets.xcassets */; };
		BCFF76FD25A6F7CB00AADAAB /* LaunchScreen.storyboard in Resources */ = {isa = PBXBuildFile; fileRef = BCFF76FB25A6F7CB00AADAAB /* LaunchScreen.storyboard */; };
		BCFF770825A6F7CB00AADAAB /* TinyToyTankTests.swift in Sources */ = {isa = PBXBuildFile; fileRef = BCFF770725A6F7CB00AADAAB /* TinyToyTankTests.swift */; };
		BCFF771325A6F7CB00AADAAB /* TinyToyTankUITests.swift in Sources */ = {isa = PBXBuildFile; fileRef = BCFF771225A6F7CB00AADAAB /* TinyToyTankUITests.swift */; };
		BCFF773425A700FB00AADAAB /* TinyToyTank.rcproject in Sources */ = {isa = PBXBuildFile; fileRef = BCFF773325A700FB00AADAAB /* TinyToyTank.rcproject */; };
/* End PBXBuildFile section */

/* Begin PBXContainerItemProxy section */
		BCFF770425A6F7CB00AADAAB /* PBXContainerItemProxy */ = {
			isa = PBXContainerItemProxy;
			containerPortal = BCFF76E525A6F7CA00AADAAB /* Project object */;
			proxyType = 1;
			remoteGlobalIDString = BCFF76EC25A6F7CA00AADAAB;
			remoteInfo = TinyToyTank;
		};
		BCFF770F25A6F7CB00AADAAB /* PBXContainerItemProxy */ = {
			isa = PBXContainerItemProxy;
			containerPortal = BCFF76E525A6F7CA00AADAAB /* Project object */;
			proxyType = 1;
			remoteGlobalIDString = BCFF76EC25A6F7CA00AADAAB;
			remoteInfo = TinyToyTank;
		};
/* End PBXContainerItemProxy section */

/* Begin PBXFileReference section */
		BCFF76ED25A6F7CA00AADAAB /* TinyToyTank.app */ = {isa = PBXFileReference; explicitFileType = wrapper.application; includeInIndex = 0; path = TinyToyTank.app; sourceTree = BUILT_PRODUCTS_DIR; };
		BCFF76F025A6F7CA00AADAAB /* AppDelegate.swift */ = {isa = PBXFileReference; lastKnownFileType = sourcecode.swift; path = AppDelegate.swift; sourceTree = "<group>"; };
		BCFF76F225A6F7CA00AADAAB /* ViewController.swift */ = {isa = PBXFileReference; lastKnownFileType = sourcecode.swift; path = ViewController.swift; sourceTree = "<group>"; };
		BCFF76F425A6F7CA00AADAAB /* Experience.rcproject */ = {isa = PBXFileReference; lastKnownFileType = file.rcproject; path = Experience.rcproject; sourceTree = "<group>"; };
		BCFF76F725A6F7CA00AADAAB /* Base */ = {isa = PBXFileReference; lastKnownFileType = file.storyboard; name = Base; path = Base.lproj/Main.storyboard; sourceTree = "<group>"; };
		BCFF76F925A6F7CB00AADAAB /* Assets.xcassets */ = {isa = PBXFileReference; lastKnownFileType = folder.assetcatalog; path = Assets.xcassets; sourceTree = "<group>"; };
		BCFF76FC25A6F7CB00AADAAB /* Base */ = {isa = PBXFileReference; lastKnownFileType = file.storyboard; name = Base; path = Base.lproj/LaunchScreen.storyboard; sourceTree = "<group>"; };
		BCFF76FE25A6F7CB00AADAAB /* Info.plist */ = {isa = PBXFileReference; lastKnownFileType = text.plist.xml; path = Info.plist; sourceTree = "<group>"; };
		BCFF770325A6F7CB00AADAAB /* TinyToyTankTests.xctest */ = {isa = PBXFileReference; explicitFileType = wrapper.cfbundle; includeInIndex = 0; path = TinyToyTankTests.xctest; sourceTree = BUILT_PRODUCTS_DIR; };
		BCFF770725A6F7CB00AADAAB /* TinyToyTankTests.swift */ = {isa = PBXFileReference; lastKnownFileType = sourcecode.swift; path = TinyToyTankTests.swift; sourceTree = "<group>"; };
		BCFF770925A6F7CB00AADAAB /* Info.plist */ = {isa = PBXFileReference; lastKnownFileType = text.plist.xml; path = Info.plist; sourceTree = "<group>"; };
		BCFF770E25A6F7CB00AADAAB /* TinyToyTankUITests.xctest */ = {isa = PBXFileReference; explicitFileType = wrapper.cfbundle; includeInIndex = 0; path = TinyToyTankUITests.xctest; sourceTree = BUILT_PRODUCTS_DIR; };
		BCFF771225A6F7CB00AADAAB /* TinyToyTankUITests.swift */ = {isa = PBXFileReference; lastKnownFileType = sourcecode.swift; path = TinyToyTankUITests.swift; sourceTree = "<group>"; };
		BCFF771425A6F7CB00AADAAB /* Info.plist */ = {isa = PBXFileReference; lastKnownFileType = text.plist.xml; path = Info.plist; sourceTree = "<group>"; };
		BCFF773325A700FB00AADAAB /* TinyToyTank.rcproject */ = {isa = PBXFileReference; lastKnownFileType = file.rcproject; name = TinyToyTank.rcproject; path = ../../starter/resources/TinyToyTank/TinyToyTank.rcproject; sourceTree = "<group>"; };
/* End PBXFileReference section */

/* Begin PBXFrameworksBuildPhase section */
		BCFF76EA25A6F7CA00AADAAB /* Frameworks */ = {
			isa = PBXFrameworksBuildPhase;
			buildActionMask = 2147483647;
			files = (
			);
			runOnlyForDeploymentPostprocessing = 0;
		};
		BCFF770025A6F7CB00AADAAB /* Frameworks */ = {
			isa = PBXFrameworksBuildPhase;
			buildActionMask = 2147483647;
			files = (
			);
			runOnlyForDeploymentPostprocessing = 0;
		};
		BCFF770B25A6F7CB00AADAAB /* Frameworks */ = {
			isa = PBXFrameworksBuildPhase;
			buildActionMask = 2147483647;
			files = (
			);
			runOnlyForDeploymentPostprocessing = 0;
		};
/* End PBXFrameworksBuildPhase section */

/* Begin PBXGroup section */
		BCFF76E425A6F7CA00AADAAB = {
			isa = PBXGroup;
			children = (
				BCFF76EF25A6F7CA00AADAAB /* TinyToyTank */,
				BCFF770625A6F7CB00AADAAB /* TinyToyTankTests */,
				BCFF771125A6F7CB00AADAAB /* TinyToyTankUITests */,
				BCFF76EE25A6F7CA00AADAAB /* Products */,
			);
			sourceTree = "<group>";
		};
		BCFF76EE25A6F7CA00AADAAB /* Products */ = {
			isa = PBXGroup;
			children = (
				BCFF76ED25A6F7CA00AADAAB /* TinyToyTank.app */,
				BCFF770325A6F7CB00AADAAB /* TinyToyTankTests.xctest */,
				BCFF770E25A6F7CB00AADAAB /* TinyToyTankUITests.xctest */,
			);
			name = Products;
			sourceTree = "<group>";
		};
		BCFF76EF25A6F7CA00AADAAB /* TinyToyTank */ = {
			isa = PBXGroup;
			children = (
				BCFF773325A700FB00AADAAB /* TinyToyTank.rcproject */,
				BCFF76F025A6F7CA00AADAAB /* AppDelegate.swift */,
				BCFF76F225A6F7CA00AADAAB /* ViewController.swift */,
				BCFF76F425A6F7CA00AADAAB /* Experience.rcproject */,
				BCFF76F625A6F7CA00AADAAB /* Main.storyboard */,
				BCFF76F925A6F7CB00AADAAB /* Assets.xcassets */,
				BCFF76FB25A6F7CB00AADAAB /* LaunchScreen.storyboard */,
				BCFF76FE25A6F7CB00AADAAB /* Info.plist */,
			);
			path = TinyToyTank;
			sourceTree = "<group>";
		};
		BCFF770625A6F7CB00AADAAB /* TinyToyTankTests */ = {
			isa = PBXGroup;
			children = (
				BCFF770725A6F7CB00AADAAB /* TinyToyTankTests.swift */,
				BCFF770925A6F7CB00AADAAB /* Info.plist */,
			);
			path = TinyToyTankTests;
			sourceTree = "<group>";
		};
		BCFF771125A6F7CB00AADAAB /* TinyToyTankUITests */ = {
			isa = PBXGroup;
			children = (
				BCFF771225A6F7CB00AADAAB /* TinyToyTankUITests.swift */,
				BCFF771425A6F7CB00AADAAB /* Info.plist */,
			);
			path = TinyToyTankUITests;
			sourceTree = "<group>";
		};
/* End PBXGroup section */

/* Begin PBXNativeTarget section */
		BCFF76EC25A6F7CA00AADAAB /* TinyToyTank */ = {
			isa = PBXNativeTarget;
			buildConfigurationList = BCFF771725A6F7CB00AADAAB /* Build configuration list for PBXNativeTarget "TinyToyTank" */;
			buildPhases = (
				BCFF76E925A6F7CA00AADAAB /* Sources */,
				BCFF76EA25A6F7CA00AADAAB /* Frameworks */,
				BCFF76EB25A6F7CA00AADAAB /* Resources */,
			);
			buildRules = (
			);
			dependencies = (
			);
			name = TinyToyTank;
			productName = TinyToyTank;
			productReference = BCFF76ED25A6F7CA00AADAAB /* TinyToyTank.app */;
			productType = "com.apple.product-type.application";
		};
		BCFF770225A6F7CB00AADAAB /* TinyToyTankTests */ = {
			isa = PBXNativeTarget;
			buildConfigurationList = BCFF771A25A6F7CB00AADAAB /* Build configuration list for PBXNativeTarget "TinyToyTankTests" */;
			buildPhases = (
				BCFF76FF25A6F7CB00AADAAB /* Sources */,
				BCFF770025A6F7CB00AADAAB /* Frameworks */,
				BCFF770125A6F7CB00AADAAB /* Resources */,
			);
			buildRules = (
			);
			dependencies = (
				BCFF770525A6F7CB00AADAAB /* PBXTargetDependency */,
			);
			name = TinyToyTankTests;
			productName = TinyToyTankTests;
			productReference = BCFF770325A6F7CB00AADAAB /* TinyToyTankTests.xctest */;
			productType = "com.apple.product-type.bundle.unit-test";
		};
		BCFF770D25A6F7CB00AADAAB /* TinyToyTankUITests */ = {
			isa = PBXNativeTarget;
			buildConfigurationList = BCFF771D25A6F7CB00AADAAB /* Build configuration list for PBXNativeTarget "TinyToyTankUITests" */;
			buildPhases = (
				BCFF770A25A6F7CB00AADAAB /* Sources */,
				BCFF770B25A6F7CB00AADAAB /* Frameworks */,
				BCFF770C25A6F7CB00AADAAB /* Resources */,
			);
			buildRules = (
			);
			dependencies = (
				BCFF771025A6F7CB00AADAAB /* PBXTargetDependency */,
			);
			name = TinyToyTankUITests;
			productName = TinyToyTankUITests;
			productReference = BCFF770E25A6F7CB00AADAAB /* TinyToyTankUITests.xctest */;
			productType = "com.apple.product-type.bundle.ui-testing";
		};
/* End PBXNativeTarget section */

/* Begin PBXProject section */
		BCFF76E525A6F7CA00AADAAB /* Project object */ = {
			isa = PBXProject;
			attributes = {
				LastSwiftUpdateCheck = 1220;
				LastUpgradeCheck = 1220;
				TargetAttributes = {
					BCFF76EC25A6F7CA00AADAAB = {
						CreatedOnToolsVersion = 12.2;
					};
					BCFF770225A6F7CB00AADAAB = {
						CreatedOnToolsVersion = 12.2;
						TestTargetID = BCFF76EC25A6F7CA00AADAAB;
					};
					BCFF770D25A6F7CB00AADAAB = {
						CreatedOnToolsVersion = 12.2;
						TestTargetID = BCFF76EC25A6F7CA00AADAAB;
					};
				};
			};
			buildConfigurationList = BCFF76E825A6F7CA00AADAAB /* Build configuration list for PBXProject "TinyToyTank" */;
			compatibilityVersion = "Xcode 9.3";
			developmentRegion = en;
			hasScannedForEncodings = 0;
			knownRegions = (
				en,
				Base,
			);
			mainGroup = BCFF76E425A6F7CA00AADAAB;
			productRefGroup = BCFF76EE25A6F7CA00AADAAB /* Products */;
			projectDirPath = "";
			projectRoot = "";
			targets = (
				BCFF76EC25A6F7CA00AADAAB /* TinyToyTank */,
				BCFF770225A6F7CB00AADAAB /* TinyToyTankTests */,
				BCFF770D25A6F7CB00AADAAB /* TinyToyTankUITests */,
			);
		};
/* End PBXProject section */

/* Begin PBXResourcesBuildPhase section */
		BCFF76EB25A6F7CA00AADAAB /* Resources */ = {
			isa = PBXResourcesBuildPhase;
			buildActionMask = 2147483647;
			files = (
				BCFF76FD25A6F7CB00AADAAB /* LaunchScreen.storyboard in Resources */,
				BCFF76FA25A6F7CB00AADAAB /* Assets.xcassets in Resources */,
				BCFF76F825A6F7CA00AADAAB /* Main.storyboard in Resources */,
			);
			runOnlyForDeploymentPostprocessing = 0;
		};
		BCFF770125A6F7CB00AADAAB /* Resources */ = {
			isa = PBXResourcesBuildPhase;
			buildActionMask = 2147483647;
			files = (
			);
			runOnlyForDeploymentPostprocessing = 0;
		};
		BCFF770C25A6F7CB00AADAAB /* Resources */ = {
			isa = PBXResourcesBuildPhase;
			buildActionMask = 2147483647;
			files = (
			);
			runOnlyForDeploymentPostprocessing = 0;
		};
/* End PBXResourcesBuildPhase section */

/* Begin PBXSourcesBuildPhase section */
		BCFF76E925A6F7CA00AADAAB /* Sources */ = {
			isa = PBXSourcesBuildPhase;
			buildActionMask = 2147483647;
			files = (
				BCFF76F325A6F7CA00AADAAB /* ViewController.swift in Sources */,
				BCFF773425A700FB00AADAAB /* TinyToyTank.rcproject in Sources */,
				BCFF76F125A6F7CA00AADAAB /* AppDelegate.swift in Sources */,
				BCFF76F525A6F7CA00AADAAB /* Experience.rcproject in Sources */,
			);
			runOnlyForDeploymentPostprocessing = 0;
		};
		BCFF76FF25A6F7CB00AADAAB /* Sources */ = {
			isa = PBXSourcesBuildPhase;
			buildActionMask = 2147483647;
			files = (
				BCFF770825A6F7CB00AADAAB /* TinyToyTankTests.swift in Sources */,
			);
			runOnlyForDeploymentPostprocessing = 0;
		};
		BCFF770A25A6F7CB00AADAAB /* Sources */ = {
			isa = PBXSourcesBuildPhase;
			buildActionMask = 2147483647;
			files = (
				BCFF771325A6F7CB00AADAAB /* TinyToyTankUITests.swift in Sources */,
			);
			runOnlyForDeploymentPostprocessing = 0;
		};
/* End PBXSourcesBuildPhase section */

/* Begin PBXTargetDependency section */
		BCFF770525A6F7CB00AADAAB /* PBXTargetDependency */ = {
			isa = PBXTargetDependency;
			target = BCFF76EC25A6F7CA00AADAAB /* TinyToyTank */;
			targetProxy = BCFF770425A6F7CB00AADAAB /* PBXContainerItemProxy */;
		};
		BCFF771025A6F7CB00AADAAB /* PBXTargetDependency */ = {
			isa = PBXTargetDependency;
			target = BCFF76EC25A6F7CA00AADAAB /* TinyToyTank */;
			targetProxy = BCFF770F25A6F7CB00AADAAB /* PBXContainerItemProxy */;
		};
/* End PBXTargetDependency section */

/* Begin PBXVariantGroup section */
		BCFF76F625A6F7CA00AADAAB /* Main.storyboard */ = {
			isa = PBXVariantGroup;
			children = (
				BCFF76F725A6F7CA00AADAAB /* Base */,
			);
			name = Main.storyboard;
			sourceTree = "<group>";
		};
		BCFF76FB25A6F7CB00AADAAB /* LaunchScreen.storyboard */ = {
			isa = PBXVariantGroup;
			children = (
				BCFF76FC25A6F7CB00AADAAB /* Base */,
			);
			name = LaunchScreen.storyboard;
			sourceTree = "<group>";
		};
/* End PBXVariantGroup section */

/* Begin XCBuildConfiguration section */
		BCFF771525A6F7CB00AADAAB /* Debug */ = {
			isa = XCBuildConfiguration;
			buildSettings = {
				ALWAYS_SEARCH_USER_PATHS = NO;
				CLANG_ANALYZER_NONNULL = YES;
				CLANG_ANALYZER_NUMBER_OBJECT_CONVERSION = YES_AGGRESSIVE;
				CLANG_CXX_LANGUAGE_STANDARD = "gnu++14";
				CLANG_CXX_LIBRARY = "libc++";
				CLANG_ENABLE_MODULES = YES;
				CLANG_ENABLE_OBJC_ARC = YES;
				CLANG_ENABLE_OBJC_WEAK = YES;
				CLANG_WARN_BLOCK_CAPTURE_AUTORELEASING = YES;
				CLANG_WARN_BOOL_CONVERSION = YES;
				CLANG_WARN_COMMA = YES;
				CLANG_WARN_CONSTANT_CONVERSION = YES;
				CLANG_WARN_DEPRECATED_OBJC_IMPLEMENTATIONS = YES;
				CLANG_WARN_DIRECT_OBJC_ISA_USAGE = YES_ERROR;
				CLANG_WARN_DOCUMENTATION_COMMENTS = YES;
				CLANG_WARN_EMPTY_BODY = YES;
				CLANG_WARN_ENUM_CONVERSION = YES;
				CLANG_WARN_INFINITE_RECURSION = YES;
				CLANG_WARN_INT_CONVERSION = YES;
				CLANG_WARN_NON_LITERAL_NULL_CONVERSION = YES;
				CLANG_WARN_OBJC_IMPLICIT_RETAIN_SELF = YES;
				CLANG_WARN_OBJC_LITERAL_CONVERSION = YES;
				CLANG_WARN_OBJC_ROOT_CLASS = YES_ERROR;
				CLANG_WARN_QUOTED_INCLUDE_IN_FRAMEWORK_HEADER = YES;
				CLANG_WARN_RANGE_LOOP_ANALYSIS = YES;
				CLANG_WARN_STRICT_PROTOTYPES = YES;
				CLANG_WARN_SUSPICIOUS_MOVE = YES;
				CLANG_WARN_UNGUARDED_AVAILABILITY = YES_AGGRESSIVE;
				CLANG_WARN_UNREACHABLE_CODE = YES;
				CLANG_WARN__DUPLICATE_METHOD_MATCH = YES;
				COPY_PHASE_STRIP = NO;
				DEBUG_INFORMATION_FORMAT = dwarf;
				ENABLE_STRICT_OBJC_MSGSEND = YES;
				ENABLE_TESTABILITY = YES;
				GCC_C_LANGUAGE_STANDARD = gnu11;
				GCC_DYNAMIC_NO_PIC = NO;
				GCC_NO_COMMON_BLOCKS = YES;
				GCC_OPTIMIZATION_LEVEL = 0;
				GCC_PREPROCESSOR_DEFINITIONS = (
					"DEBUG=1",
					"$(inherited)",
				);
				GCC_WARN_64_TO_32_BIT_CONVERSION = YES;
				GCC_WARN_ABOUT_RETURN_TYPE = YES_ERROR;
				GCC_WARN_UNDECLARED_SELECTOR = YES;
				GCC_WARN_UNINITIALIZED_AUTOS = YES_AGGRESSIVE;
				GCC_WARN_UNUSED_FUNCTION = YES;
				GCC_WARN_UNUSED_VARIABLE = YES;
				IPHONEOS_DEPLOYMENT_TARGET = 14.2;
				MTL_ENABLE_DEBUG_INFO = INCLUDE_SOURCE;
				MTL_FAST_MATH = YES;
				ONLY_ACTIVE_ARCH = YES;
				SDKROOT = iphoneos;
				SWIFT_ACTIVE_COMPILATION_CONDITIONS = DEBUG;
				SWIFT_OPTIMIZATION_LEVEL = "-Onone";
			};
			name = Debug;
		};
		BCFF771625A6F7CB00AADAAB /* Release */ = {
			isa = XCBuildConfiguration;
			buildSettings = {
				ALWAYS_SEARCH_USER_PATHS = NO;
				CLANG_ANALYZER_NONNULL = YES;
				CLANG_ANALYZER_NUMBER_OBJECT_CONVERSION = YES_AGGRESSIVE;
				CLANG_CXX_LANGUAGE_STANDARD = "gnu++14";
				CLANG_CXX_LIBRARY = "libc++";
				CLANG_ENABLE_MODULES = YES;
				CLANG_ENABLE_OBJC_ARC = YES;
				CLANG_ENABLE_OBJC_WEAK = YES;
				CLANG_WARN_BLOCK_CAPTURE_AUTORELEASING = YES;
				CLANG_WARN_BOOL_CONVERSION = YES;
				CLANG_WARN_COMMA = YES;
				CLANG_WARN_CONSTANT_CONVERSION = YES;
				CLANG_WARN_DEPRECATED_OBJC_IMPLEMENTATIONS = YES;
				CLANG_WARN_DIRECT_OBJC_ISA_USAGE = YES_ERROR;
				CLANG_WARN_DOCUMENTATION_COMMENTS = YES;
				CLANG_WARN_EMPTY_BODY = YES;
				CLANG_WARN_ENUM_CONVERSION = YES;
				CLANG_WARN_INFINITE_RECURSION = YES;
				CLANG_WARN_INT_CONVERSION = YES;
				CLANG_WARN_NON_LITERAL_NULL_CONVERSION = YES;
				CLANG_WARN_OBJC_IMPLICIT_RETAIN_SELF = YES;
				CLANG_WARN_OBJC_LITERAL_CONVERSION = YES;
				CLANG_WARN_OBJC_ROOT_CLASS = YES_ERROR;
				CLANG_WARN_QUOTED_INCLUDE_IN_FRAMEWORK_HEADER = YES;
				CLANG_WARN_RANGE_LOOP_ANALYSIS = YES;
				CLANG_WARN_STRICT_PROTOTYPES = YES;
				CLANG_WARN_SUSPICIOUS_MOVE = YES;
				CLANG_WARN_UNGUARDED_AVAILABILITY = YES_AGGRESSIVE;
				CLANG_WARN_UNREACHABLE_CODE = YES;
				CLANG_WARN__DUPLICATE_METHOD_MATCH = YES;
				COPY_PHASE_STRIP = NO;
				DEBUG_INFORMATION_FORMAT = "dwarf-with-dsym";
				ENABLE_NS_ASSERTIONS = NO;
				ENABLE_STRICT_OBJC_MSGSEND = YES;
				GCC_C_LANGUAGE_STANDARD = gnu11;
				GCC_NO_COMMON_BLOCKS = YES;
				GCC_WARN_64_TO_32_BIT_CONVERSION = YES;
				GCC_WARN_ABOUT_RETURN_TYPE = YES_ERROR;
				GCC_WARN_UNDECLARED_SELECTOR = YES;
				GCC_WARN_UNINITIALIZED_AUTOS = YES_AGGRESSIVE;
				GCC_WARN_UNUSED_FUNCTION = YES;
				GCC_WARN_UNUSED_VARIABLE = YES;
				IPHONEOS_DEPLOYMENT_TARGET = 14.2;
				MTL_ENABLE_DEBUG_INFO = NO;
				MTL_FAST_MATH = YES;
				SDKROOT = iphoneos;
				SWIFT_COMPILATION_MODE = wholemodule;
				SWIFT_OPTIMIZATION_LEVEL = "-O";
				VALIDATE_PRODUCT = YES;
			};
			name = Release;
		};
		BCFF771825A6F7CB00AADAAB /* Debug */ = {
			isa = XCBuildConfiguration;
			buildSettings = {
				ASSETCATALOG_COMPILER_APPICON_NAME = AppIcon;
				ASSETCATALOG_COMPILER_GLOBAL_ACCENT_COLOR_NAME = AccentColor;
				CODE_SIGN_STYLE = Automatic;
				INFOPLIST_FILE = TinyToyTank/Info.plist;
				LD_RUNPATH_SEARCH_PATHS = (
					"$(inherited)",
					"@executable_path/Frameworks",
				);
				PRODUCT_BUNDLE_IDENTIFIER = shi1ro.TinyToyTank;
				PRODUCT_NAME = "$(TARGET_NAME)";
				SWIFT_VERSION = 5.0;
				TARGETED_DEVICE_FAMILY = "1,2";
			};
			name = Debug;
		};
		BCFF771925A6F7CB00AADAAB /* Release */ = {
			isa = XCBuildConfiguration;
			buildSettings = {
				ASSETCATALOG_COMPILER_APPICON_NAME = AppIcon;
				ASSETCATALOG_COMPILER_GLOBAL_ACCENT_COLOR_NAME = AccentColor;
				CODE_SIGN_STYLE = Automatic;
				INFOPLIST_FILE = TinyToyTank/Info.plist;
				LD_RUNPATH_SEARCH_PATHS = (
					"$(inherited)",
					"@executable_path/Frameworks",
				);
				PRODUCT_BUNDLE_IDENTIFIER = shi1ro.TinyToyTank;
				PRODUCT_NAME = "$(TARGET_NAME)";
				SWIFT_VERSION = 5.0;
				TARGETED_DEVICE_FAMILY = "1,2";
			};
			name = Release;
		};
		BCFF771B25A6F7CB00AADAAB /* Debug */ = {
			isa = XCBuildConfiguration;
			buildSettings = {
				ALWAYS_EMBED_SWIFT_STANDARD_LIBRARIES = YES;
				BUNDLE_LOADER = "$(TEST_HOST)";
				CODE_SIGN_STYLE = Automatic;
				INFOPLIST_FILE = TinyToyTankTests/Info.plist;
				IPHONEOS_DEPLOYMENT_TARGET = 14.2;
				LD_RUNPATH_SEARCH_PATHS = (
					"$(inherited)",
					"@executable_path/Frameworks",
					"@loader_path/Frameworks",
				);
				PRODUCT_BUNDLE_IDENTIFIER = JSWork.TinyToyTankTests;
				PRODUCT_NAME = "$(TARGET_NAME)";
				SWIFT_VERSION = 5.0;
				TARGETED_DEVICE_FAMILY = "1,2";
				TEST_HOST = "$(BUILT_PRODUCTS_DIR)/TinyToyTank.app/TinyToyTank";
			};
			name = Debug;
		};
		BCFF771C25A6F7CB00AADAAB /* Release */ = {
			isa = XCBuildConfiguration;
			buildSettings = {
				ALWAYS_EMBED_SWIFT_STANDARD_LIBRARIES = YES;
				BUNDLE_LOADER = "$(TEST_HOST)";
				CODE_SIGN_STYLE = Automatic;
				INFOPLIST_FILE = TinyToyTankTests/Info.plist;
				IPHONEOS_DEPLOYMENT_TARGET = 14.2;
				LD_RUNPATH_SEARCH_PATHS = (
					"$(inherited)",
					"@executable_path/Frameworks",
					"@loader_path/Frameworks",
				);
				PRODUCT_BUNDLE_IDENTIFIER = JSWork.TinyToyTankTests;
				PRODUCT_NAME = "$(TARGET_NAME)";
				SWIFT_VERSION = 5.0;
				TARGETED_DEVICE_FAMILY = "1,2";
				TEST_HOST = "$(BUILT_PRODUCTS_DIR)/TinyToyTank.app/TinyToyTank";
			};
			name = Release;
		};
		BCFF771E25A6F7CB00AADAAB /* Debug */ = {
			isa = XCBuildConfiguration;
			buildSettings = {
				ALWAYS_EMBED_SWIFT_STANDARD_LIBRARIES = YES;
				CODE_SIGN_STYLE = Automatic;
				INFOPLIST_FILE = TinyToyTankUITests/Info.plist;
				LD_RUNPATH_SEARCH_PATHS = (
					"$(inherited)",
					"@executable_path/Frameworks",
					"@loader_path/Frameworks",
				);
				PRODUCT_BUNDLE_IDENTIFIER = JSWork.TinyToyTankUITests;
				PRODUCT_NAME = "$(TARGET_NAME)";
				SWIFT_VERSION = 5.0;
				TARGETED_DEVICE_FAMILY = "1,2";
				TEST_TARGET_NAME = TinyToyTank;
			};
			name = Debug;
		};
		BCFF771F25A6F7CB00AADAAB /* Release */ = {
			isa = XCBuildConfiguration;
			buildSettings = {
				ALWAYS_EMBED_SWIFT_STANDARD_LIBRARIES = YES;
				CODE_SIGN_STYLE = Automatic;
				INFOPLIST_FILE = TinyToyTankUITests/Info.plist;
				LD_RUNPATH_SEARCH_PATHS = (
					"$(inherited)",
					"@executable_path/Frameworks",
					"@loader_path/Frameworks",
				);
				PRODUCT_BUNDLE_IDENTIFIER = JSWork.TinyToyTankUITests;
				PRODUCT_NAME = "$(TARGET_NAME)";
				SWIFT_VERSION = 5.0;
				TARGETED_DEVICE_FAMILY = "1,2";
				TEST_TARGET_NAME = TinyToyTank;
			};
			name = Release;
		};
/* End XCBuildConfiguration section */

/* Begin XCConfigurationList section */
		BCFF76E825A6F7CA00AADAAB /* Build configuration list for PBXProject "TinyToyTank" */ = {
			isa = XCConfigurationList;
			buildConfigurations = (
				BCFF771525A6F7CB00AADAAB /* Debug */,
				BCFF771625A6F7CB00AADAAB /* Release */,
			);
			defaultConfigurationIsVisible = 0;
			defaultConfigurationName = Release;
		};
		BCFF771725A6F7CB00AADAAB /* Build configuration list for PBXNativeTarget "TinyToyTank" */ = {
			isa = XCConfigurationList;
			buildConfigurations = (
				BCFF771825A6F7CB00AADAAB /* Debug */,
				BCFF771925A6F7CB00AADAAB /* Release */,
			);
			defaultConfigurationIsVisible = 0;
			defaultConfigurationName = Release;
		};
		BCFF771A25A6F7CB00AADAAB /* Build configuration list for PBXNativeTarget "TinyToyTankTests" */ = {
			isa = XCConfigurationList;
			buildConfigurations = (
				BCFF771B25A6F7CB00AADAAB /* Debug */,
				BCFF771C25A6F7CB00AADAAB /* Release */,
			);
			defaultConfigurationIsVisible = 0;
			defaultConfigurationName = Release;
		};
		BCFF771D25A6F7CB00AADAAB /* Build configuration list for PBXNativeTarget "TinyToyTankUITests" */ = {
			isa = XCConfigurationList;
			buildConfigurations = (
				BCFF771E25A6F7CB00AADAAB /* Debug */,
				BCFF771F25A6F7CB00AADAAB /* Release */,
			);
			defaultConfigurationIsVisible = 0;
			defaultConfigurationName = Release;
		};
/* End XCConfigurationList section */
	};
	rootObject = BCFF76E525A6F7CA00AADAAB /* Project object */;
}
